
Microsoft Visual Studio Solution File, Format Version 12.00
# Visual Studio Version 17
VisualStudioVersion = 17.2.32616.157
MinimumVisualStudioVersion = 10.0.40219.1
Project("{FAE04EC0-301F-11D3-BF4B-00C04F79EFBC}") = "CargoHubWeb", "CargoHubWeb\CargoHubWeb.csproj", "{5E8E93D9-DF1F-4510-9D41-D1D91F00A778}"
EndProject
Global
	GlobalSection(SolutionConfigurationPlatforms) = preSolution
		Debug|Any CPU = Debug|Any CPU
		Release|Any CPU = Release|Any CPU
	EndGlobalSection
	GlobalSection(ProjectConfigurationPlatforms) = postSolution
		{5E8E93D9-DF1F-4510-9D41-D1D91F00A778}.Debug|Any CPU.ActiveCfg = Debug|Any CPU
		{5E8E93D9-DF1F-4510-9D41-D1D91F00A778}.Debug|Any CPU.Build.0 = Debug|Any CPU
		{5E8E93D9-DF1F-4510-9D41-D1D91F00A778}.Release|Any CPU.ActiveCfg = Release|Any CPU
		{5E8E93D9-DF1F-4510-9D41-D1D91F00A778}.Release|Any CPU.Build.0 = Release|Any CPU
	EndGlobalSection
	GlobalSection(SolutionProperties) = preSolution
		HideSolutionNode = FALSE
	EndGlobalSection
	GlobalSection(ExtensibilityGlobals) = postSolution
		SolutionGuid = {6FEC6FF3-1901-4F98-BE52-81DCA7014FD2}
	EndGlobalSection
EndGlobal
